// !$*UTF8*$!
{
	archiveVersion = 1;
	classes = {
	};
	objectVersion = 56;
	objects = {

/* Begin PBXBuildFile section */
		3367AD4C2AB4F83300965050 /* PlayerBottomSheetView.swift in Sources */ = {isa = PBXBuildFile; fileRef = 3367AD4B2AB4F83300965050 /* PlayerBottomSheetView.swift */; };
		3367AD4E2AB5234F00965050 /* Song.swift in Sources */ = {isa = PBXBuildFile; fileRef = 3367AD4D2AB5234F00965050 /* Song.swift */; };
		3367AD512AB5255A00965050 /* Kingfisher in Frameworks */ = {isa = PBXBuildFile; productRef = 3367AD502AB5255A00965050 /* Kingfisher */; };
		339714A82AB2A4A4009707FD /* MusicPlayerApp.swift in Sources */ = {isa = PBXBuildFile; fileRef = 339714A72AB2A4A4009707FD /* MusicPlayerApp.swift */; };
		339714AA2AB2A4A4009707FD /* SongScreen.swift in Sources */ = {isa = PBXBuildFile; fileRef = 339714A92AB2A4A4009707FD /* SongScreen.swift */; };
		339714AC2AB2A4A5009707FD /* Assets.xcassets in Resources */ = {isa = PBXBuildFile; fileRef = 339714AB2AB2A4A5009707FD /* Assets.xcassets */; };
		339714AF2AB2A4A5009707FD /* Preview Assets.xcassets in Resources */ = {isa = PBXBuildFile; fileRef = 339714AE2AB2A4A5009707FD /* Preview Assets.xcassets */; };
		339714B92AB2A4A6009707FD /* MusicPlayerTests.swift in Sources */ = {isa = PBXBuildFile; fileRef = 339714B82AB2A4A6009707FD /* MusicPlayerTests.swift */; };
		339714C32AB2A4A6009707FD /* MusicPlayerUITests.swift in Sources */ = {isa = PBXBuildFile; fileRef = 339714C22AB2A4A6009707FD /* MusicPlayerUITests.swift */; };
		339714C52AB2A4A6009707FD /* MusicPlayerUITestsLaunchTests.swift in Sources */ = {isa = PBXBuildFile; fileRef = 339714C42AB2A4A6009707FD /* MusicPlayerUITestsLaunchTests.swift */; };
		339714D82AB2B07C009707FD /* ColorPalette.swift in Sources */ = {isa = PBXBuildFile; fileRef = 339714D72AB2B07C009707FD /* ColorPalette.swift */; };
		339714DB2AB2B0C3009707FD /* ColorExtension.swift in Sources */ = {isa = PBXBuildFile; fileRef = 339714DA2AB2B0C3009707FD /* ColorExtension.swift */; };
		339714DD2AB2B86F009707FD /* PlayerViewModel.swift in Sources */ = {isa = PBXBuildFile; fileRef = 339714DC2AB2B86F009707FD /* PlayerViewModel.swift */; };
		339714DF2AB2C1DB009707FD /* Theme.swift in Sources */ = {isa = PBXBuildFile; fileRef = 339714DE2AB2C1DB009707FD /* Theme.swift */; };
		339714E12AB2C8BE009707FD /* View.swift in Sources */ = {isa = PBXBuildFile; fileRef = 339714E02AB2C8BE009707FD /* View.swift */; };
		339714E42AB2C8FF009707FD /* RoundedCornerShape.swift in Sources */ = {isa = PBXBuildFile; fileRef = 339714E32AB2C8FF009707FD /* RoundedCornerShape.swift */; };
		339714E62AB2C9A9009707FD /* SongCardView.swift in Sources */ = {isa = PBXBuildFile; fileRef = 339714E52AB2C9A9009707FD /* SongCardView.swift */; };
		339714E82AB2CA30009707FD /* SongIconView.swift in Sources */ = {isa = PBXBuildFile; fileRef = 339714E72AB2CA30009707FD /* SongIconView.swift */; };
		339714EA2AB2CA9A009707FD /* SongDescriptionView.swift in Sources */ = {isa = PBXBuildFile; fileRef = 339714E92AB2CA9A009707FD /* SongDescriptionView.swift */; };
		339714EF2AB3E0BA009707FD /* PlayerScreen.swift in Sources */ = {isa = PBXBuildFile; fileRef = 339714EE2AB3E0BA009707FD /* PlayerScreen.swift */; };
		339714F12AB3F56A009707FD /* SongsListView.swift in Sources */ = {isa = PBXBuildFile; fileRef = 339714F02AB3F56A009707FD /* SongsListView.swift */; };
		339714F32AB3F65B009707FD /* SongsList.swift in Sources */ = {isa = PBXBuildFile; fileRef = 339714F22AB3F65B009707FD /* SongsList.swift */; };
		339714F62AB3FD66009707FD /* InstanceProvider.swift in Sources */ = {isa = PBXBuildFile; fileRef = 339714F52AB3FD66009707FD /* InstanceProvider.swift */; };
		339714F82AB42233009707FD /* PlayerControllView.swift in Sources */ = {isa = PBXBuildFile; fileRef = 339714F72AB42233009707FD /* PlayerControllView.swift */; };
		339714FA2AB42F2D009707FD /* GenericButton.swift in Sources */ = {isa = PBXBuildFile; fileRef = 339714F92AB42F2D009707FD /* GenericButton.swift */; };
/* End PBXBuildFile section */

/* Begin PBXContainerItemProxy section */
		339714B52AB2A4A6009707FD /* PBXContainerItemProxy */ = {
			isa = PBXContainerItemProxy;
			containerPortal = 3397149C2AB2A4A4009707FD /* Project object */;
			proxyType = 1;
			remoteGlobalIDString = 339714A32AB2A4A4009707FD;
			remoteInfo = MusicPlayer;
		};
		339714BF2AB2A4A6009707FD /* PBXContainerItemProxy */ = {
			isa = PBXContainerItemProxy;
			containerPortal = 3397149C2AB2A4A4009707FD /* Project object */;
			proxyType = 1;
			remoteGlobalIDString = 339714A32AB2A4A4009707FD;
			remoteInfo = MusicPlayer;
		};
/* End PBXContainerItemProxy section */

/* Begin PBXFileReference section */
		3367AD4B2AB4F83300965050 /* PlayerBottomSheetView.swift */ = {isa = PBXFileReference; lastKnownFileType = sourcecode.swift; path = PlayerBottomSheetView.swift; sourceTree = "<group>"; };
		3367AD4D2AB5234F00965050 /* Song.swift */ = {isa = PBXFileReference; lastKnownFileType = sourcecode.swift; path = Song.swift; sourceTree = "<group>"; };
		339714A42AB2A4A4009707FD /* MusicPlayer.app */ = {isa = PBXFileReference; explicitFileType = wrapper.application; includeInIndex = 0; path = MusicPlayer.app; sourceTree = BUILT_PRODUCTS_DIR; };
		339714A72AB2A4A4009707FD /* MusicPlayerApp.swift */ = {isa = PBXFileReference; lastKnownFileType = sourcecode.swift; path = MusicPlayerApp.swift; sourceTree = "<group>"; };
		339714A92AB2A4A4009707FD /* SongScreen.swift */ = {isa = PBXFileReference; lastKnownFileType = sourcecode.swift; path = SongScreen.swift; sourceTree = "<group>"; };
		339714AB2AB2A4A5009707FD /* Assets.xcassets */ = {isa = PBXFileReference; lastKnownFileType = folder.assetcatalog; path = Assets.xcassets; sourceTree = "<group>"; };
		339714AE2AB2A4A5009707FD /* Preview Assets.xcassets */ = {isa = PBXFileReference; lastKnownFileType = folder.assetcatalog; path = "Preview Assets.xcassets"; sourceTree = "<group>"; };
		339714B42AB2A4A6009707FD /* MusicPlayerTests.xctest */ = {isa = PBXFileReference; explicitFileType = wrapper.cfbundle; includeInIndex = 0; path = MusicPlayerTests.xctest; sourceTree = BUILT_PRODUCTS_DIR; };
		339714B82AB2A4A6009707FD /* MusicPlayerTests.swift */ = {isa = PBXFileReference; lastKnownFileType = sourcecode.swift; path = MusicPlayerTests.swift; sourceTree = "<group>"; };
		339714BE2AB2A4A6009707FD /* MusicPlayerUITests.xctest */ = {isa = PBXFileReference; explicitFileType = wrapper.cfbundle; includeInIndex = 0; path = MusicPlayerUITests.xctest; sourceTree = BUILT_PRODUCTS_DIR; };
		339714C22AB2A4A6009707FD /* MusicPlayerUITests.swift */ = {isa = PBXFileReference; lastKnownFileType = sourcecode.swift; path = MusicPlayerUITests.swift; sourceTree = "<group>"; };
		339714C42AB2A4A6009707FD /* MusicPlayerUITestsLaunchTests.swift */ = {isa = PBXFileReference; lastKnownFileType = sourcecode.swift; path = MusicPlayerUITestsLaunchTests.swift; sourceTree = "<group>"; };
		339714D72AB2B07C009707FD /* ColorPalette.swift */ = {isa = PBXFileReference; lastKnownFileType = sourcecode.swift; path = ColorPalette.swift; sourceTree = "<group>"; };
		339714DA2AB2B0C3009707FD /* ColorExtension.swift */ = {isa = PBXFileReference; lastKnownFileType = sourcecode.swift; path = ColorExtension.swift; sourceTree = "<group>"; };
		339714DC2AB2B86F009707FD /* PlayerViewModel.swift */ = {isa = PBXFileReference; lastKnownFileType = sourcecode.swift; path = PlayerViewModel.swift; sourceTree = "<group>"; };
		339714DE2AB2C1DB009707FD /* Theme.swift */ = {isa = PBXFileReference; lastKnownFileType = sourcecode.swift; path = Theme.swift; sourceTree = "<group>"; };
		339714E02AB2C8BE009707FD /* View.swift */ = {isa = PBXFileReference; lastKnownFileType = sourcecode.swift; path = View.swift; sourceTree = "<group>"; };
		339714E32AB2C8FF009707FD /* RoundedCornerShape.swift */ = {isa = PBXFileReference; lastKnownFileType = sourcecode.swift; path = RoundedCornerShape.swift; sourceTree = "<group>"; };
		339714E52AB2C9A9009707FD /* SongCardView.swift */ = {isa = PBXFileReference; lastKnownFileType = sourcecode.swift; path = SongCardView.swift; sourceTree = "<group>"; };
		339714E72AB2CA30009707FD /* SongIconView.swift */ = {isa = PBXFileReference; lastKnownFileType = sourcecode.swift; path = SongIconView.swift; sourceTree = "<group>"; };
		339714E92AB2CA9A009707FD /* SongDescriptionView.swift */ = {isa = PBXFileReference; lastKnownFileType = sourcecode.swift; path = SongDescriptionView.swift; sourceTree = "<group>"; };
		339714EE2AB3E0BA009707FD /* PlayerScreen.swift */ = {isa = PBXFileReference; lastKnownFileType = sourcecode.swift; path = PlayerScreen.swift; sourceTree = "<group>"; };
		339714F02AB3F56A009707FD /* SongsListView.swift */ = {isa = PBXFileReference; lastKnownFileType = sourcecode.swift; path = SongsListView.swift; sourceTree = "<group>"; };
		339714F22AB3F65B009707FD /* SongsList.swift */ = {isa = PBXFileReference; lastKnownFileType = sourcecode.swift; path = SongsList.swift; sourceTree = "<group>"; };
		339714F52AB3FD66009707FD /* InstanceProvider.swift */ = {isa = PBXFileReference; lastKnownFileType = sourcecode.swift; path = InstanceProvider.swift; sourceTree = "<group>"; };
		339714F72AB42233009707FD /* PlayerControllView.swift */ = {isa = PBXFileReference; lastKnownFileType = sourcecode.swift; path = PlayerControllView.swift; sourceTree = "<group>"; };
		339714F92AB42F2D009707FD /* GenericButton.swift */ = {isa = PBXFileReference; lastKnownFileType = sourcecode.swift; path = GenericButton.swift; sourceTree = "<group>"; };
/* End PBXFileReference section */

/* Begin PBXFrameworksBuildPhase section */
		339714A12AB2A4A4009707FD /* Frameworks */ = {
			isa = PBXFrameworksBuildPhase;
			buildActionMask = 2147483647;
			files = (
				3367AD512AB5255A00965050 /* Kingfisher in Frameworks */,
			);
			runOnlyForDeploymentPostprocessing = 0;
		};
		339714B12AB2A4A6009707FD /* Frameworks */ = {
			isa = PBXFrameworksBuildPhase;
			buildActionMask = 2147483647;
			files = (
			);
			runOnlyForDeploymentPostprocessing = 0;
		};
		339714BB2AB2A4A6009707FD /* Frameworks */ = {
			isa = PBXFrameworksBuildPhase;
			buildActionMask = 2147483647;
			files = (
			);
			runOnlyForDeploymentPostprocessing = 0;
		};
/* End PBXFrameworksBuildPhase section */

/* Begin PBXGroup section */
		3397149B2AB2A4A4009707FD = {
			isa = PBXGroup;
			children = (
				339714A62AB2A4A4009707FD /* MusicPlayer */,
				339714B72AB2A4A6009707FD /* MusicPlayerTests */,
				339714C12AB2A4A6009707FD /* MusicPlayerUITests */,
				339714A52AB2A4A4009707FD /* Products */,
			);
			sourceTree = "<group>";
		};
		339714A52AB2A4A4009707FD /* Products */ = {
			isa = PBXGroup;
			children = (
				339714A42AB2A4A4009707FD /* MusicPlayer.app */,
				339714B42AB2A4A6009707FD /* MusicPlayerTests.xctest */,
				339714BE2AB2A4A6009707FD /* MusicPlayerUITests.xctest */,
			);
			name = Products;
			sourceTree = "<group>";
		};
		339714A62AB2A4A4009707FD /* MusicPlayer */ = {
			isa = PBXGroup;
			children = (
				339714D12AB2A522009707FD /* Application */,
				339714D92AB2B0B3009707FD /* Extensions */,
				339714F42AB3FD47009707FD /* Protocols */,
				339714D52AB2A58C009707FD /* Models */,
				339714D42AB2A583009707FD /* ViewModels */,
				339714D32AB2A575009707FD /* Views */,
				339714AD2AB2A4A5009707FD /* Preview Content */,
			);
			path = MusicPlayer;
			sourceTree = "<group>";
		};
		339714AD2AB2A4A5009707FD /* Preview Content */ = {
			isa = PBXGroup;
			children = (
				339714AE2AB2A4A5009707FD /* Preview Assets.xcassets */,
			);
			path = "Preview Content";
			sourceTree = "<group>";
		};
		339714B72AB2A4A6009707FD /* MusicPlayerTests */ = {
			isa = PBXGroup;
			children = (
				339714B82AB2A4A6009707FD /* MusicPlayerTests.swift */,
			);
			path = MusicPlayerTests;
			sourceTree = "<group>";
		};
		339714C12AB2A4A6009707FD /* MusicPlayerUITests */ = {
			isa = PBXGroup;
			children = (
				339714C22AB2A4A6009707FD /* MusicPlayerUITests.swift */,
				339714C42AB2A4A6009707FD /* MusicPlayerUITestsLaunchTests.swift */,
			);
			path = MusicPlayerUITests;
			sourceTree = "<group>";
		};
		339714D12AB2A522009707FD /* Application */ = {
			isa = PBXGroup;
			children = (
				339714D22AB2A55B009707FD /* Resources */,
				339714A72AB2A4A4009707FD /* MusicPlayerApp.swift */,
			);
			path = Application;
			sourceTree = "<group>";
		};
		339714D22AB2A55B009707FD /* Resources */ = {
			isa = PBXGroup;
			children = (
				339714AB2AB2A4A5009707FD /* Assets.xcassets */,
				339714D72AB2B07C009707FD /* ColorPalette.swift */,
				339714DE2AB2C1DB009707FD /* Theme.swift */,
			);
			path = Resources;
			sourceTree = "<group>";
		};
		339714D32AB2A575009707FD /* Views */ = {
			isa = PBXGroup;
			children = (
				339714D62AB2A5C6009707FD /* ViewComponents */,
				339714A92AB2A4A4009707FD /* SongScreen.swift */,
				339714EE2AB3E0BA009707FD /* PlayerScreen.swift */,
			);
			path = Views;
			sourceTree = "<group>";
		};
		339714D42AB2A583009707FD /* ViewModels */ = {
			isa = PBXGroup;
			children = (
				339714DC2AB2B86F009707FD /* PlayerViewModel.swift */,
			);
			path = ViewModels;
			sourceTree = "<group>";
		};
		339714D52AB2A58C009707FD /* Models */ = {
			isa = PBXGroup;
			children = (
				339714F22AB3F65B009707FD /* SongsList.swift */,
				3367AD4D2AB5234F00965050 /* Song.swift */,
			);
			path = Models;
			sourceTree = "<group>";
		};
		339714D62AB2A5C6009707FD /* ViewComponents */ = {
			isa = PBXGroup;
			children = (
				339714E22AB2C8E7009707FD /* Shapes */,
				339714F92AB42F2D009707FD /* GenericButton.swift */,
				339714E72AB2CA30009707FD /* SongIconView.swift */,
				339714E92AB2CA9A009707FD /* SongDescriptionView.swift */,
				339714E52AB2C9A9009707FD /* SongCardView.swift */,
				339714F02AB3F56A009707FD /* SongsListView.swift */,
				339714F72AB42233009707FD /* PlayerControllView.swift */,
				3367AD4B2AB4F83300965050 /* PlayerBottomSheetView.swift */,
			);
			path = ViewComponents;
			sourceTree = "<group>";
		};
		339714D92AB2B0B3009707FD /* Extensions */ = {
			isa = PBXGroup;
			children = (
				339714DA2AB2B0C3009707FD /* ColorExtension.swift */,
				339714E02AB2C8BE009707FD /* View.swift */,
			);
			path = Extensions;
			sourceTree = "<group>";
		};
		339714E22AB2C8E7009707FD /* Shapes */ = {
			isa = PBXGroup;
			children = (
				339714E32AB2C8FF009707FD /* RoundedCornerShape.swift */,
			);
			path = Shapes;
			sourceTree = "<group>";
		};
		339714F42AB3FD47009707FD /* Protocols */ = {
			isa = PBXGroup;
			children = (
				339714F52AB3FD66009707FD /* InstanceProvider.swift */,
			);
			path = Protocols;
			sourceTree = "<group>";
		};
/* End PBXGroup section */

/* Begin PBXNativeTarget section */
		339714A32AB2A4A4009707FD /* MusicPlayer */ = {
			isa = PBXNativeTarget;
			buildConfigurationList = 339714C82AB2A4A6009707FD /* Build configuration list for PBXNativeTarget "MusicPlayer" */;
			buildPhases = (
				339714A02AB2A4A4009707FD /* Sources */,
				339714A12AB2A4A4009707FD /* Frameworks */,
				339714A22AB2A4A4009707FD /* Resources */,
			);
			buildRules = (
			);
			dependencies = (
			);
			name = MusicPlayer;
			packageProductDependencies = (
				3367AD502AB5255A00965050 /* Kingfisher */,
			);
			productName = MusicPlayer;
			productReference = 339714A42AB2A4A4009707FD /* MusicPlayer.app */;
			productType = "com.apple.product-type.application";
		};
		339714B32AB2A4A6009707FD /* MusicPlayerTests */ = {
			isa = PBXNativeTarget;
			buildConfigurationList = 339714CB2AB2A4A6009707FD /* Build configuration list for PBXNativeTarget "MusicPlayerTests" */;
			buildPhases = (
				339714B02AB2A4A6009707FD /* Sources */,
				339714B12AB2A4A6009707FD /* Frameworks */,
				339714B22AB2A4A6009707FD /* Resources */,
			);
			buildRules = (
			);
			dependencies = (
				339714B62AB2A4A6009707FD /* PBXTargetDependency */,
			);
			name = MusicPlayerTests;
			productName = MusicPlayerTests;
			productReference = 339714B42AB2A4A6009707FD /* MusicPlayerTests.xctest */;
			productType = "com.apple.product-type.bundle.unit-test";
		};
		339714BD2AB2A4A6009707FD /* MusicPlayerUITests */ = {
			isa = PBXNativeTarget;
			buildConfigurationList = 339714CE2AB2A4A6009707FD /* Build configuration list for PBXNativeTarget "MusicPlayerUITests" */;
			buildPhases = (
				339714BA2AB2A4A6009707FD /* Sources */,
				339714BB2AB2A4A6009707FD /* Frameworks */,
				339714BC2AB2A4A6009707FD /* Resources */,
			);
			buildRules = (
			);
			dependencies = (
				339714C02AB2A4A6009707FD /* PBXTargetDependency */,
			);
			name = MusicPlayerUITests;
			productName = MusicPlayerUITests;
			productReference = 339714BE2AB2A4A6009707FD /* MusicPlayerUITests.xctest */;
			productType = "com.apple.product-type.bundle.ui-testing";
		};
/* End PBXNativeTarget section */

/* Begin PBXProject section */
		3397149C2AB2A4A4009707FD /* Project object */ = {
			isa = PBXProject;
			attributes = {
				BuildIndependentTargetsInParallel = 1;
				LastSwiftUpdateCheck = 1410;
				LastUpgradeCheck = 1410;
				TargetAttributes = {
					339714A32AB2A4A4009707FD = {
						CreatedOnToolsVersion = 14.1;
					};
					339714B32AB2A4A6009707FD = {
						CreatedOnToolsVersion = 14.1;
						TestTargetID = 339714A32AB2A4A4009707FD;
					};
					339714BD2AB2A4A6009707FD = {
						CreatedOnToolsVersion = 14.1;
						TestTargetID = 339714A32AB2A4A4009707FD;
					};
				};
			};
			buildConfigurationList = 3397149F2AB2A4A4009707FD /* Build configuration list for PBXProject "MusicPlayer" */;
			compatibilityVersion = "Xcode 14.0";
			developmentRegion = en;
			hasScannedForEncodings = 0;
			knownRegions = (
				en,
				Base,
			);
			mainGroup = 3397149B2AB2A4A4009707FD;
			packageReferences = (
				3367AD4F2AB5255A00965050 /* XCRemoteSwiftPackageReference "Kingfisher" */,
			);
			productRefGroup = 339714A52AB2A4A4009707FD /* Products */;
			projectDirPath = "";
			projectRoot = "";
			targets = (
				339714A32AB2A4A4009707FD /* MusicPlayer */,
				339714B32AB2A4A6009707FD /* MusicPlayerTests */,
				339714BD2AB2A4A6009707FD /* MusicPlayerUITests */,
			);
		};
/* End PBXProject section */

/* Begin PBXResourcesBuildPhase section */
		339714A22AB2A4A4009707FD /* Resources */ = {
			isa = PBXResourcesBuildPhase;
			buildActionMask = 2147483647;
			files = (
				339714AF2AB2A4A5009707FD /* Preview Assets.xcassets in Resources */,
				339714AC2AB2A4A5009707FD /* Assets.xcassets in Resources */,
			);
			runOnlyForDeploymentPostprocessing = 0;
		};
		339714B22AB2A4A6009707FD /* Resources */ = {
			isa = PBXResourcesBuildPhase;
			buildActionMask = 2147483647;
			files = (
			);
			runOnlyForDeploymentPostprocessing = 0;
		};
		339714BC2AB2A4A6009707FD /* Resources */ = {
			isa = PBXResourcesBuildPhase;
			buildActionMask = 2147483647;
			files = (
			);
			runOnlyForDeploymentPostprocessing = 0;
		};
/* End PBXResourcesBuildPhase section */

/* Begin PBXSourcesBuildPhase section */
		339714A02AB2A4A4009707FD /* Sources */ = {
			isa = PBXSourcesBuildPhase;
			buildActionMask = 2147483647;
			files = (
				339714F32AB3F65B009707FD /* SongsList.swift in Sources */,
				339714F62AB3FD66009707FD /* InstanceProvider.swift in Sources */,
				339714AA2AB2A4A4009707FD /* SongScreen.swift in Sources */,
				339714FA2AB42F2D009707FD /* GenericButton.swift in Sources */,
				339714DD2AB2B86F009707FD /* PlayerViewModel.swift in Sources */,
				339714A82AB2A4A4009707FD /* MusicPlayerApp.swift in Sources */,
				339714EF2AB3E0BA009707FD /* PlayerScreen.swift in Sources */,
				339714DF2AB2C1DB009707FD /* Theme.swift in Sources */,
				339714EA2AB2CA9A009707FD /* SongDescriptionView.swift in Sources */,
				339714F82AB42233009707FD /* PlayerControllView.swift in Sources */,
				339714E82AB2CA30009707FD /* SongIconView.swift in Sources */,
				339714D82AB2B07C009707FD /* ColorPalette.swift in Sources */,
				3367AD4C2AB4F83300965050 /* PlayerBottomSheetView.swift in Sources */,
				339714E12AB2C8BE009707FD /* View.swift in Sources */,
				3367AD4E2AB5234F00965050 /* Song.swift in Sources */,
				339714E42AB2C8FF009707FD /* RoundedCornerShape.swift in Sources */,
				339714E62AB2C9A9009707FD /* SongCardView.swift in Sources */,
				339714F12AB3F56A009707FD /* SongsListView.swift in Sources */,
				339714DB2AB2B0C3009707FD /* ColorExtension.swift in Sources */,
			);
			runOnlyForDeploymentPostprocessing = 0;
		};
		339714B02AB2A4A6009707FD /* Sources */ = {
			isa = PBXSourcesBuildPhase;
			buildActionMask = 2147483647;
			files = (
				339714B92AB2A4A6009707FD /* MusicPlayerTests.swift in Sources */,
			);
			runOnlyForDeploymentPostprocessing = 0;
		};
		339714BA2AB2A4A6009707FD /* Sources */ = {
			isa = PBXSourcesBuildPhase;
			buildActionMask = 2147483647;
			files = (
				339714C32AB2A4A6009707FD /* MusicPlayerUITests.swift in Sources */,
				339714C52AB2A4A6009707FD /* MusicPlayerUITestsLaunchTests.swift in Sources */,
			);
			runOnlyForDeploymentPostprocessing = 0;
		};
/* End PBXSourcesBuildPhase section */

/* Begin PBXTargetDependency section */
		339714B62AB2A4A6009707FD /* PBXTargetDependency */ = {
			isa = PBXTargetDependency;
			target = 339714A32AB2A4A4009707FD /* MusicPlayer */;
			targetProxy = 339714B52AB2A4A6009707FD /* PBXContainerItemProxy */;
		};
		339714C02AB2A4A6009707FD /* PBXTargetDependency */ = {
			isa = PBXTargetDependency;
			target = 339714A32AB2A4A4009707FD /* MusicPlayer */;
			targetProxy = 339714BF2AB2A4A6009707FD /* PBXContainerItemProxy */;
		};
/* End PBXTargetDependency section */

/* Begin XCBuildConfiguration section */
		339714C62AB2A4A6009707FD /* Debug */ = {
			isa = XCBuildConfiguration;
			buildSettings = {
				ALWAYS_SEARCH_USER_PATHS = NO;
				CLANG_ANALYZER_NONNULL = YES;
				CLANG_ANALYZER_NUMBER_OBJECT_CONVERSION = YES_AGGRESSIVE;
				CLANG_CXX_LANGUAGE_STANDARD = "gnu++20";
				CLANG_ENABLE_MODULES = YES;
				CLANG_ENABLE_OBJC_ARC = YES;
				CLANG_ENABLE_OBJC_WEAK = YES;
				CLANG_WARN_BLOCK_CAPTURE_AUTORELEASING = YES;
				CLANG_WARN_BOOL_CONVERSION = YES;
				CLANG_WARN_COMMA = YES;
				CLANG_WARN_CONSTANT_CONVERSION = YES;
				CLANG_WARN_DEPRECATED_OBJC_IMPLEMENTATIONS = YES;
				CLANG_WARN_DIRECT_OBJC_ISA_USAGE = YES_ERROR;
				CLANG_WARN_DOCUMENTATION_COMMENTS = YES;
				CLANG_WARN_EMPTY_BODY = YES;
				CLANG_WARN_ENUM_CONVERSION = YES;
				CLANG_WARN_INFINITE_RECURSION = YES;
				CLANG_WARN_INT_CONVERSION = YES;
				CLANG_WARN_NON_LITERAL_NULL_CONVERSION = YES;
				CLANG_WARN_OBJC_IMPLICIT_RETAIN_SELF = YES;
				CLANG_WARN_OBJC_LITERAL_CONVERSION = YES;
				CLANG_WARN_OBJC_ROOT_CLASS = YES_ERROR;
				CLANG_WARN_QUOTED_INCLUDE_IN_FRAMEWORK_HEADER = YES;
				CLANG_WARN_RANGE_LOOP_ANALYSIS = YES;
				CLANG_WARN_STRICT_PROTOTYPES = YES;
				CLANG_WARN_SUSPICIOUS_MOVE = YES;
				CLANG_WARN_UNGUARDED_AVAILABILITY = YES_AGGRESSIVE;
				CLANG_WARN_UNREACHABLE_CODE = YES;
				CLANG_WARN__DUPLICATE_METHOD_MATCH = YES;
				COPY_PHASE_STRIP = NO;
				DEBUG_INFORMATION_FORMAT = dwarf;
				ENABLE_STRICT_OBJC_MSGSEND = YES;
				ENABLE_TESTABILITY = YES;
				GCC_C_LANGUAGE_STANDARD = gnu11;
				GCC_DYNAMIC_NO_PIC = NO;
				GCC_NO_COMMON_BLOCKS = YES;
				GCC_OPTIMIZATION_LEVEL = 0;
				GCC_PREPROCESSOR_DEFINITIONS = (
					"DEBUG=1",
					"$(inherited)",
				);
				GCC_WARN_64_TO_32_BIT_CONVERSION = YES;
				GCC_WARN_ABOUT_RETURN_TYPE = YES_ERROR;
				GCC_WARN_UNDECLARED_SELECTOR = YES;
				GCC_WARN_UNINITIALIZED_AUTOS = YES_AGGRESSIVE;
				GCC_WARN_UNUSED_FUNCTION = YES;
				GCC_WARN_UNUSED_VARIABLE = YES;
				IPHONEOS_DEPLOYMENT_TARGET = 16.1;
				MTL_ENABLE_DEBUG_INFO = INCLUDE_SOURCE;
				MTL_FAST_MATH = YES;
				ONLY_ACTIVE_ARCH = YES;
				SDKROOT = iphoneos;
				SWIFT_ACTIVE_COMPILATION_CONDITIONS = DEBUG;
				SWIFT_OPTIMIZATION_LEVEL = "-Onone";
			};
			name = Debug;
		};
		339714C72AB2A4A6009707FD /* Release */ = {
			isa = XCBuildConfiguration;
			buildSettings = {
				ALWAYS_SEARCH_USER_PATHS = NO;
				CLANG_ANALYZER_NONNULL = YES;
				CLANG_ANALYZER_NUMBER_OBJECT_CONVERSION = YES_AGGRESSIVE;
				CLANG_CXX_LANGUAGE_STANDARD = "gnu++20";
				CLANG_ENABLE_MODULES = YES;
				CLANG_ENABLE_OBJC_ARC = YES;
				CLANG_ENABLE_OBJC_WEAK = YES;
				CLANG_WARN_BLOCK_CAPTURE_AUTORELEASING = YES;
				CLANG_WARN_BOOL_CONVERSION = YES;
				CLANG_WARN_COMMA = YES;
				CLANG_WARN_CONSTANT_CONVERSION = YES;
				CLANG_WARN_DEPRECATED_OBJC_IMPLEMENTATIONS = YES;
				CLANG_WARN_DIRECT_OBJC_ISA_USAGE = YES_ERROR;
				CLANG_WARN_DOCUMENTATION_COMMENTS = YES;
				CLANG_WARN_EMPTY_BODY = YES;
				CLANG_WARN_ENUM_CONVERSION = YES;
				CLANG_WARN_INFINITE_RECURSION = YES;
				CLANG_WARN_INT_CONVERSION = YES;
				CLANG_WARN_NON_LITERAL_NULL_CONVERSION = YES;
				CLANG_WARN_OBJC_IMPLICIT_RETAIN_SELF = YES;
				CLANG_WARN_OBJC_LITERAL_CONVERSION = YES;
				CLANG_WARN_OBJC_ROOT_CLASS = YES_ERROR;
				CLANG_WARN_QUOTED_INCLUDE_IN_FRAMEWORK_HEADER = YES;
				CLANG_WARN_RANGE_LOOP_ANALYSIS = YES;
				CLANG_WARN_STRICT_PROTOTYPES = YES;
				CLANG_WARN_SUSPICIOUS_MOVE = YES;
				CLANG_WARN_UNGUARDED_AVAILABILITY = YES_AGGRESSIVE;
				CLANG_WARN_UNREACHABLE_CODE = YES;
				CLANG_WARN__DUPLICATE_METHOD_MATCH = YES;
				COPY_PHASE_STRIP = NO;
				DEBUG_INFORMATION_FORMAT = "dwarf-with-dsym";
				ENABLE_NS_ASSERTIONS = NO;
				ENABLE_STRICT_OBJC_MSGSEND = YES;
				GCC_C_LANGUAGE_STANDARD = gnu11;
				GCC_NO_COMMON_BLOCKS = YES;
				GCC_WARN_64_TO_32_BIT_CONVERSION = YES;
				GCC_WARN_ABOUT_RETURN_TYPE = YES_ERROR;
				GCC_WARN_UNDECLARED_SELECTOR = YES;
				GCC_WARN_UNINITIALIZED_AUTOS = YES_AGGRESSIVE;
				GCC_WARN_UNUSED_FUNCTION = YES;
				GCC_WARN_UNUSED_VARIABLE = YES;
				IPHONEOS_DEPLOYMENT_TARGET = 16.1;
				MTL_ENABLE_DEBUG_INFO = NO;
				MTL_FAST_MATH = YES;
				SDKROOT = iphoneos;
				SWIFT_COMPILATION_MODE = wholemodule;
				SWIFT_OPTIMIZATION_LEVEL = "-O";
				VALIDATE_PRODUCT = YES;
			};
			name = Release;
		};
		339714C92AB2A4A6009707FD /* Debug */ = {
			isa = XCBuildConfiguration;
			buildSettings = {
				ASSETCATALOG_COMPILER_APPICON_NAME = AppIcon;
				ASSETCATALOG_COMPILER_GLOBAL_ACCENT_COLOR_NAME = AccentColor;
				CODE_SIGN_STYLE = Automatic;
				CURRENT_PROJECT_VERSION = 1;
				DEVELOPMENT_ASSET_PATHS = "\"MusicPlayer/Preview Content\"";
				DEVELOPMENT_TEAM = TPFSUHXK72;
				ENABLE_PREVIEWS = YES;
				GENERATE_INFOPLIST_FILE = YES;
				INFOPLIST_KEY_UIApplicationSceneManifest_Generation = YES;
				INFOPLIST_KEY_UIApplicationSupportsIndirectInputEvents = YES;
				INFOPLIST_KEY_UILaunchScreen_Generation = YES;
				INFOPLIST_KEY_UISupportedInterfaceOrientations_iPad = "UIInterfaceOrientationPortrait UIInterfaceOrientationPortraitUpsideDown UIInterfaceOrientationLandscapeLeft UIInterfaceOrientationLandscapeRight";
				INFOPLIST_KEY_UISupportedInterfaceOrientations_iPhone = "UIInterfaceOrientationPortrait UIInterfaceOrientationLandscapeLeft UIInterfaceOrientationLandscapeRight";
				LD_RUNPATH_SEARCH_PATHS = (
					"$(inherited)",
					"@executable_path/Frameworks",
				);
				MARKETING_VERSION = 1.0;
				PRODUCT_BUNDLE_IDENTIFIER = com.bzradias.MusicPlayer;
				PRODUCT_NAME = "$(TARGET_NAME)";
				SWIFT_EMIT_LOC_STRINGS = YES;
				SWIFT_VERSION = 5.0;
				TARGETED_DEVICE_FAMILY = "1,2";
			};
			name = Debug;
		};
		339714CA2AB2A4A6009707FD /* Release */ = {
			isa = XCBuildConfiguration;
			buildSettings = {
				ASSETCATALOG_COMPILER_APPICON_NAME = AppIcon;
				ASSETCATALOG_COMPILER_GLOBAL_ACCENT_COLOR_NAME = AccentColor;
				CODE_SIGN_STYLE = Automatic;
				CURRENT_PROJECT_VERSION = 1;
				DEVELOPMENT_ASSET_PATHS = "\"MusicPlayer/Preview Content\"";
				DEVELOPMENT_TEAM = TPFSUHXK72;
				ENABLE_PREVIEWS = YES;
				GENERATE_INFOPLIST_FILE = YES;
				INFOPLIST_KEY_UIApplicationSceneManifest_Generation = YES;
				INFOPLIST_KEY_UIApplicationSupportsIndirectInputEvents = YES;
				INFOPLIST_KEY_UILaunchScreen_Generation = YES;
				INFOPLIST_KEY_UISupportedInterfaceOrientations_iPad = "UIInterfaceOrientationPortrait UIInterfaceOrientationPortraitUpsideDown UIInterfaceOrientationLandscapeLeft UIInterfaceOrientationLandscapeRight";
				INFOPLIST_KEY_UISupportedInterfaceOrientations_iPhone = "UIInterfaceOrientationPortrait UIInterfaceOrientationLandscapeLeft UIInterfaceOrientationLandscapeRight";
				LD_RUNPATH_SEARCH_PATHS = (
					"$(inherited)",
					"@executable_path/Frameworks",
				);
				MARKETING_VERSION = 1.0;
				PRODUCT_BUNDLE_IDENTIFIER = com.bzradias.MusicPlayer;
				PRODUCT_NAME = "$(TARGET_NAME)";
				SWIFT_EMIT_LOC_STRINGS = YES;
				SWIFT_VERSION = 5.0;
				TARGETED_DEVICE_FAMILY = "1,2";
			};
			name = Release;
		};
		339714CC2AB2A4A6009707FD /* Debug */ = {
			isa = XCBuildConfiguration;
			buildSettings = {
				ALWAYS_EMBED_SWIFT_STANDARD_LIBRARIES = YES;
				BUNDLE_LOADER = "$(TEST_HOST)";
				CODE_SIGN_STYLE = Automatic;
				CURRENT_PROJECT_VERSION = 1;
				DEVELOPMENT_TEAM = TPFSUHXK72;
				GENERATE_INFOPLIST_FILE = YES;
				IPHONEOS_DEPLOYMENT_TARGET = 16.1;
				MARKETING_VERSION = 1.0;
				PRODUCT_BUNDLE_IDENTIFIER = com.bzradias.MusicPlayerTests;
				PRODUCT_NAME = "$(TARGET_NAME)";
				SWIFT_EMIT_LOC_STRINGS = NO;
				SWIFT_VERSION = 5.0;
				TARGETED_DEVICE_FAMILY = "1,2";
				TEST_HOST = "$(BUILT_PRODUCTS_DIR)/MusicPlayer.app/$(BUNDLE_EXECUTABLE_FOLDER_PATH)/MusicPlayer";
			};
			name = Debug;
		};
		339714CD2AB2A4A6009707FD /* Release */ = {
			isa = XCBuildConfiguration;
			buildSettings = {
				ALWAYS_EMBED_SWIFT_STANDARD_LIBRARIES = YES;
				BUNDLE_LOADER = "$(TEST_HOST)";
				CODE_SIGN_STYLE = Automatic;
				CURRENT_PROJECT_VERSION = 1;
				DEVELOPMENT_TEAM = TPFSUHXK72;
				GENERATE_INFOPLIST_FILE = YES;
				IPHONEOS_DEPLOYMENT_TARGET = 16.1;
				MARKETING_VERSION = 1.0;
				PRODUCT_BUNDLE_IDENTIFIER = com.bzradias.MusicPlayerTests;
				PRODUCT_NAME = "$(TARGET_NAME)";
				SWIFT_EMIT_LOC_STRINGS = NO;
				SWIFT_VERSION = 5.0;
				TARGETED_DEVICE_FAMILY = "1,2";
				TEST_HOST = "$(BUILT_PRODUCTS_DIR)/MusicPlayer.app/$(BUNDLE_EXECUTABLE_FOLDER_PATH)/MusicPlayer";
			};
			name = Release;
		};
		339714CF2AB2A4A6009707FD /* Debug */ = {
			isa = XCBuildConfiguration;
			buildSettings = {
				ALWAYS_EMBED_SWIFT_STANDARD_LIBRARIES = YES;
				CODE_SIGN_STYLE = Automatic;
				CURRENT_PROJECT_VERSION = 1;
				DEVELOPMENT_TEAM = TPFSUHXK72;
				GENERATE_INFOPLIST_FILE = YES;
				MARKETING_VERSION = 1.0;
				PRODUCT_BUNDLE_IDENTIFIER = com.bzradias.MusicPlayerUITests;
				PRODUCT_NAME = "$(TARGET_NAME)";
				SWIFT_EMIT_LOC_STRINGS = NO;
				SWIFT_VERSION = 5.0;
				TARGETED_DEVICE_FAMILY = "1,2";
				TEST_TARGET_NAME = MusicPlayer;
			};
			name = Debug;
		};
		339714D02AB2A4A6009707FD /* Release */ = {
			isa = XCBuildConfiguration;
			buildSettings = {
				ALWAYS_EMBED_SWIFT_STANDARD_LIBRARIES = YES;
				CODE_SIGN_STYLE = Automatic;
				CURRENT_PROJECT_VERSION = 1;
				DEVELOPMENT_TEAM = TPFSUHXK72;
				GENERATE_INFOPLIST_FILE = YES;
				MARKETING_VERSION = 1.0;
				PRODUCT_BUNDLE_IDENTIFIER = com.bzradias.MusicPlayerUITests;
				PRODUCT_NAME = "$(TARGET_NAME)";
				SWIFT_EMIT_LOC_STRINGS = NO;
				SWIFT_VERSION = 5.0;
				TARGETED_DEVICE_FAMILY = "1,2";
				TEST_TARGET_NAME = MusicPlayer;
			};
			name = Release;
		};
/* End XCBuildConfiguration section */

/* Begin XCConfigurationList section */
		3397149F2AB2A4A4009707FD /* Build configuration list for PBXProject "MusicPlayer" */ = {
			isa = XCConfigurationList;
			buildConfigurations = (
				339714C62AB2A4A6009707FD /* Debug */,
				339714C72AB2A4A6009707FD /* Release */,
			);
			defaultConfigurationIsVisible = 0;
			defaultConfigurationName = Release;
		};
		339714C82AB2A4A6009707FD /* Build configuration list for PBXNativeTarget "MusicPlayer" */ = {
			isa = XCConfigurationList;
			buildConfigurations = (
				339714C92AB2A4A6009707FD /* Debug */,
				339714CA2AB2A4A6009707FD /* Release */,
			);
			defaultConfigurationIsVisible = 0;
			defaultConfigurationName = Release;
		};
		339714CB2AB2A4A6009707FD /* Build configuration list for PBXNativeTarget "MusicPlayerTests" */ = {
			isa = XCConfigurationList;
			buildConfigurations = (
				339714CC2AB2A4A6009707FD /* Debug */,
				339714CD2AB2A4A6009707FD /* Release */,
			);
			defaultConfigurationIsVisible = 0;
			defaultConfigurationName = Release;
		};
		339714CE2AB2A4A6009707FD /* Build configuration list for PBXNativeTarget "MusicPlayerUITests" */ = {
			isa = XCConfigurationList;
			buildConfigurations = (
				339714CF2AB2A4A6009707FD /* Debug */,
				339714D02AB2A4A6009707FD /* Release */,
			);
			defaultConfigurationIsVisible = 0;
			defaultConfigurationName = Release;
		};
/* End XCConfigurationList section */

/* Begin XCRemoteSwiftPackageReference section */
		3367AD4F2AB5255A00965050 /* XCRemoteSwiftPackageReference "Kingfisher" */ = {
			isa = XCRemoteSwiftPackageReference;
			repositoryURL = "https://github.com/onevcat/Kingfisher.git";
			requirement = {
				kind = exactVersion;
				version = 7.9.1;
			};
		};
/* End XCRemoteSwiftPackageReference section */

/* Begin XCSwiftPackageProductDependency section */
		3367AD502AB5255A00965050 /* Kingfisher */ = {
			isa = XCSwiftPackageProductDependency;
			package = 3367AD4F2AB5255A00965050 /* XCRemoteSwiftPackageReference "Kingfisher" */;
			productName = Kingfisher;
		};
/* End XCSwiftPackageProductDependency section */
	};
	rootObject = 3397149C2AB2A4A4009707FD /* Project object */;
}
